
Microsoft Visual Studio Solution File, Format Version 12.00
# Visual Studio Version 17
VisualStudioVersion = 17.5.002.0
MinimumVisualStudioVersion = 10.0.40219.1
Project("{9A19103F-16F7-4668-BE54-9A1E7A4F7556}") = "DependencyInjectionAndServiceLifetimes", "DependencyInjectionAndServiceLifetimes.csproj", "{D3AB46AF-1379-4B7A-988A-98AD8035D2C3}"
EndProject
Global
	GlobalSection(SolutionConfigurationPlatforms) = preSolution
		Debug|Any CPU = Debug|Any CPU
		Release|Any CPU = Release|Any CPU
	EndGlobalSection
	GlobalSection(ProjectConfigurationPlatforms) = postSolution
		{D3AB46AF-1379-4B7A-988A-98AD8035D2C3}.Debug|Any CPU.ActiveCfg = Debug|Any CPU
		{D3AB46AF-1379-4B7A-988A-98AD8035D2C3}.Debug|Any CPU.Build.0 = Debug|Any CPU
		{D3AB46AF-1379-4B7A-988A-98AD8035D2C3}.Release|Any CPU.ActiveCfg = Release|Any CPU
		{D3AB46AF-1379-4B7A-988A-98AD8035D2C3}.Release|Any CPU.Build.0 = Release|Any CPU
	EndGlobalSection
	GlobalSection(SolutionProperties) = preSolution
		HideSolutionNode = FALSE
	EndGlobalSection
	GlobalSection(ExtensibilityGlobals) = postSolution
		SolutionGuid = {D10E06C5-59DB-4F51-9272-3E25863CC627}
	EndGlobalSection
EndGlobal
