
Microsoft Visual Studio Solution File, Format Version 12.00
# Visual Studio Version 17
VisualStudioVersion = 17.5.002.0
MinimumVisualStudioVersion = 10.0.40219.1
Project("{9A19103F-16F7-4668-BE54-9A1E7A4F7556}") = "codecamp_efcore_dbfirst", "codecamp_efcore_dbfirst.csproj", "{E0BE164C-51CE-48AE-A0EC-7B8725E70C80}"
EndProject
Global
	GlobalSection(SolutionConfigurationPlatforms) = preSolution
		Debug|Any CPU = Debug|Any CPU
		Release|Any CPU = Release|Any CPU
	EndGlobalSection
	GlobalSection(ProjectConfigurationPlatforms) = postSolution
		{E0BE164C-51CE-48AE-A0EC-7B8725E70C80}.Debug|Any CPU.ActiveCfg = Debug|Any CPU
		{E0BE164C-51CE-48AE-A0EC-7B8725E70C80}.Debug|Any CPU.Build.0 = Debug|Any CPU
		{E0BE164C-51CE-48AE-A0EC-7B8725E70C80}.Release|Any CPU.ActiveCfg = Release|Any CPU
		{E0BE164C-51CE-48AE-A0EC-7B8725E70C80}.Release|Any CPU.Build.0 = Release|Any CPU
	EndGlobalSection
	GlobalSection(SolutionProperties) = preSolution
		HideSolutionNode = FALSE
	EndGlobalSection
	GlobalSection(ExtensibilityGlobals) = postSolution
		SolutionGuid = {28C22F33-AC2E-48A9-A28C-3F681D44B6CD}
	EndGlobalSection
EndGlobal
